Microsoft Visual Studio Solution File, Format Version 11.00
# Visual Studio 2008

Project("{BC434946-9749-4122-9F4B-49B23728E574}") = "Space-Shooter-mobile", "Assembly-CSharp.csproj", "{298826EB-E4B8-314D-7A3C-48B3707347A4}"
EndProject
Global
	GlobalSection(SolutionConfigurationPlatforms) = preSolution
		Debug|Any CPU = Debug|Any CPU
		Release|Any CPU = Release|Any CPU
	EndGlobalSection
	GlobalSection(ProjectConfigurationPlatforms) = postSolution
		{298826EB-E4B8-314D-7A3C-48B3707347A4}.Debug|Any CPU.ActiveCfg = Debug|Any CPU
		{298826EB-E4B8-314D-7A3C-48B3707347A4}.Debug|Any CPU.Build.0 = Debug|Any CPU
		{298826EB-E4B8-314D-7A3C-48B3707347A4}.Release|Any CPU.ActiveCfg = Release|Any CPU
		{298826EB-E4B8-314D-7A3C-48B3707347A4}.Release|Any CPU.Build.0 = Release|Any CPU
	EndGlobalSection
	GlobalSection(SolutionProperties) = preSolution
		HideSolutionNode = FALSE
	EndGlobalSection
	GlobalSection(MonoDevelopProperties) = preSolution
		StartupItem = Assembly-CSharp.csproj
	EndGlobalSection
EndGlobal
